// !$*UTF8*$!
{
	archiveVersion = 1;
	classes = {
	};
	objectVersion = 46;
	objects = {

/* Begin PBXAggregateTarget section */
		4958E4CAFF54B5E1EF2DDD62 /* libExternal-symbol-exports */ = {
			isa = PBXAggregateTarget;
			buildConfigurationList = 5961F1FED4858322E1DA687A /* Build configuration list for PBXAggregateTarget "libExternal-symbol-exports" */;
			buildPhases = (
			);
			dependencies = (
			);
			name = "libExternal-symbol-exports";
			productName = "libExternal-symbol-exports";
		};
		C06BCCE370599D09302B3F69 /* All */ = {
			isa = PBXAggregateTarget;
			buildConfigurationList = 05F8A7DF155BAFED7D1FA93A /* Build configuration list for PBXAggregateTarget "All" */;
			buildPhases = (
			);
			dependencies = (
				C7A910D0541A823D02C06CB0 /* PBXTargetDependency */,
				F2B969031DB8538F8ED644A9 /* PBXTargetDependency */,
				74AE0ED6E4FC6D155256FB3A /* PBXTargetDependency */,
			);
			name = All;
			productName = All;
		};
/* End PBXAggregateTarget section */

/* Begin PBXBuildFile section */
		93A241F2A2250C158DDD0B97 /* osxsupport.cpp in Sources */ = {isa = PBXBuildFile; fileRef = F5F2B692F8FA341AEA34EF77 /* osxsupport.cpp */; };
		9E56CA4CB12E5F809AA7BD3E /* external.c in Sources */ = {isa = PBXBuildFile; fileRef = 985436F3A3A572C56A3F016A /* external.c */; };
		E20FE88F3DD1EC07B7C41BB5 /* external.c in Sources */ = {isa = PBXBuildFile; fileRef = 985436F3A3A572C56A3F016A /* external.c */; };
		F5F869F1E025D47C151BEC4E /* osxsupport.cpp in Sources */ = {isa = PBXBuildFile; fileRef = F5F2B692F8FA341AEA34EF77 /* osxsupport.cpp */; };
/* End PBXBuildFile section */

/* Begin PBXContainerItemProxy section */
		C4C4BA67EAC635CB6A606527 /* PBXContainerItemProxy */ = {
			isa = PBXContainerItemProxy;
			containerPortal = F18064333234211260852A77 /* Project object */;
			proxyType = 1;
			remoteGlobalIDString = 728A2F69A11C0366224F351C;
			remoteInfo = "libExternal (host)";
		};
		E50D18BBAF6D8E59E60D8EAA /* PBXContainerItemProxy */ = {
			isa = PBXContainerItemProxy;
			containerPortal = F18064333234211260852A77 /* Project object */;
			proxyType = 1;
			remoteGlobalIDString = 508956C5A09E00FD1A6ED0E2;
			remoteInfo = libExternal;
		};
		FA3C66C6EA60D274A9991BD3 /* PBXContainerItemProxy */ = {
			isa = PBXContainerItemProxy;
			containerPortal = F18064333234211260852A77 /* Project object */;
			proxyType = 1;
			remoteGlobalIDString = 4958E4CAFF54B5E1EF2DDD62;
			remoteInfo = "libExternal-symbol-exports";
		};
/* End PBXContainerItemProxy section */

/* Begin PBXFileReference section */
		0A483FAC62AD6C8457B19AB2 /* emscripten.gypi */ = {isa = PBXFileReference; explicitFileType = sourcecode; name = emscripten.gypi; path = ../config/emscripten.gypi; sourceTree = "<group>"; };
		0CB83A9E3321960781700F18 /* linux.gypi */ = {isa = PBXFileReference; explicitFileType = sourcecode; name = linux.gypi; path = ../config/linux.gypi; sourceTree = "<group>"; };
		1297FA0ACA0A1B1A0C45D0A3 /* android.gypi */ = {isa = PBXFileReference; explicitFileType = sourcecode; name = android.gypi; path = ../config/android.gypi; sourceTree = "<group>"; };
		1376FA3D7C17C75F35160E26 /* mac.gypi */ = {isa = PBXFileReference; explicitFileType = sourcecode; name = mac.gypi; path = ../config/mac.gypi; sourceTree = "<group>"; };
		17229A522388B01696BE1236 /* unxsupport.cpp */ = {isa = PBXFileReference; lastKnownFileType = sourcecode.cpp.cpp; path = unxsupport.cpp; sourceTree = "<group>"; };
		1AC3D5469150ABB2FB81B76F /* win32.gypi */ = {isa = PBXFileReference; explicitFileType = sourcecode; name = win32.gypi; path = ../config/win32.gypi; sourceTree = "<group>"; };
		1FC398F3A40B73EB00A9C679 /* version.gypi */ = {isa = PBXFileReference; explicitFileType = sourcecode; name = version.gypi; path = ../config/version.gypi; sourceTree = "<group>"; };
		24EC5034BFC104B95818D3DD /* w32support.cpp */ = {isa = PBXFileReference; lastKnownFileType = sourcecode.cpp.cpp; path = w32support.cpp; sourceTree = "<group>"; };
		2875A1137E076B2B709A419F /* exclusions.gypi */ = {isa = PBXFileReference; explicitFileType = sourcecode; name = exclusions.gypi; path = ../config/exclusions.gypi; sourceTree = "<group>"; };
		2FDE65D83434B5103070CC0B /* libexternal.gyp */ = {isa = PBXFileReference; explicitFileType = sourcecode; path = libexternal.gyp; sourceTree = "<group>"; };
		3CD171680375A65D2E737159 /* version */ = {isa = PBXFileReference; lastKnownFileType = text; path = version; sourceTree = "<group>"; };
		503973A28D8488384519C03A /* common.gypi */ = {isa = PBXFileReference; explicitFileType = sourcecode; name = common.gypi; path = ../common.gypi; sourceTree = "<group>"; };
		574AEE0C398920AD6DBA278B /* android-settings.gypi */ = {isa = PBXFileReference; explicitFileType = sourcecode; name = "android-settings.gypi"; path = "../config/android-settings.gypi"; sourceTree = "<group>"; };
		73AD7E038E4E1683AE423BFC /* libExternal.a */ = {isa = PBXFileReference; explicitFileType = archive.ar; includeInIndex = 0; path = libExternal.a; sourceTree = BUILT_PRODUCTS_DIR; };
		7DAF95721375FEF9FB6262D6 /* libExternal (host).a */ = {isa = PBXFileReference; explicitFileType = archive.ar; includeInIndex = 0; path = "libExternal (host).a"; sourceTree = BUILT_PRODUCTS_DIR; };
		985436F3A3A572C56A3F016A /* external.c */ = {isa = PBXFileReference; lastKnownFileType = sourcecode.c.c; path = external.c; sourceTree = "<group>"; };
		A811635F9F06E0CB8170A776 /* external.h */ = {isa = PBXFileReference; lastKnownFileType = sourcecode.c.h; path = external.h; sourceTree = "<group>"; };
		AD05B5470438548310209988 /* linux-settings.gypi */ = {isa = PBXFileReference; explicitFileType = sourcecode; name = "linux-settings.gypi"; path = "../config/linux-settings.gypi"; sourceTree = "<group>"; };
		BD383CB84B475DF4102DC859 /* support.h */ = {isa = PBXFileReference; lastKnownFileType = sourcecode.c.h; path = support.h; sourceTree = "<group>"; };
		D0270DA92A0B256578ECDC42 /* emscripten-settings.gypi */ = {isa = PBXFileReference; explicitFileType = sourcecode; name = "emscripten-settings.gypi"; path = "../config/emscripten-settings.gypi"; sourceTree = "<group>"; };
		D2E924E18C5ED1B08CDFAC72 /* arch.gypi */ = {isa = PBXFileReference; explicitFileType = sourcecode; name = arch.gypi; path = ../config/arch.gypi; sourceTree = "<group>"; };
		D99CBF6D64FF077C4809A298 /* crosscompile.gypi */ = {isa = PBXFileReference; explicitFileType = sourcecode; name = crosscompile.gypi; path = ../config/crosscompile.gypi; sourceTree = "<group>"; };
		DC09B771723B540E7BC170A5 /* yacc.gypi */ = {isa = PBXFileReference; explicitFileType = sourcecode; name = yacc.gypi; path = ../config/yacc.gypi; sourceTree = "<group>"; };
		EB10D2B56019A165F99F1B81 /* configurations.gypi */ = {isa = PBXFileReference; explicitFileType = sourcecode; name = configurations.gypi; path = ../config/configurations.gypi; sourceTree = "<group>"; };
		EFAF6F96EC08E374EEE2171D /* target_os.gypi */ = {isa = PBXFileReference; explicitFileType = sourcecode; name = target_os.gypi; path = ../config/target_os.gypi; sourceTree = "<group>"; };
		F5F2B692F8FA341AEA34EF77 /* osxsupport.cpp */ = {isa = PBXFileReference; lastKnownFileType = sourcecode.cpp.cpp; path = osxsupport.cpp; sourceTree = "<group>"; };
		F6E08AF370F4B7D746F72D9E /* perl.gypi */ = {isa = PBXFileReference; explicitFileType = sourcecode; name = perl.gypi; path = ../config/perl.gypi; sourceTree = "<group>"; };
		F7317253805F25309F580C95 /* ios.gypi */ = {isa = PBXFileReference; explicitFileType = sourcecode; name = ios.gypi; path = ../config/ios.gypi; sourceTree = "<group>"; };
		F999E869BA668AABE828D071 /* thirdparty.gypi */ = {isa = PBXFileReference; explicitFileType = sourcecode; name = thirdparty.gypi; path = ../config/thirdparty.gypi; sourceTree = "<group>"; };
/* End PBXFileReference section */

/* Begin PBXFrameworksBuildPhase section */
		CFE4436EB73A73108A142C44 /* Frameworks */ = {
			isa = PBXFrameworksBuildPhase;
			buildActionMask = 2147483647;
			files = (
			);
			runOnlyForDeploymentPostprocessing = 0;
		};
		F33FD0B98D1CAE41231A3ADF /* Frameworks */ = {
			isa = PBXFrameworksBuildPhase;
			buildActionMask = 2147483647;
			files = (
			);
			runOnlyForDeploymentPostprocessing = 0;
		};
/* End PBXFrameworksBuildPhase section */

/* Begin PBXGroup section */
		15DE25E04A6DC4BBD5A1203C /* src */ = {
			isa = PBXGroup;
			children = (
				985436F3A3A572C56A3F016A /* external.c */,
				F5F2B692F8FA341AEA34EF77 /* osxsupport.cpp */,
				17229A522388B01696BE1236 /* unxsupport.cpp */,
				24EC5034BFC104B95818D3DD /* w32support.cpp */,
			);
			path = src;
			sourceTree = "<group>";
		};
		163CCA1B7327754CDDA7788F /* Products */ = {
			isa = PBXGroup;
			children = (
				73AD7E038E4E1683AE423BFC /* libExternal.a */,
				7DAF95721375FEF9FB6262D6 /* libExternal (host).a */,
			);
			name = Products;
			sourceTree = "<group>";
		};
		2E7A1590E4CC4A9EECC7D66A /* include/revolution */ = {
			isa = PBXGroup;
			children = (
				A811635F9F06E0CB8170A776 /* external.h */,
				BD383CB84B475DF4102DC859 /* support.h */,
			);
			path = include/revolution;
			sourceTree = "<group>";
		};
		52EA1077D4FDEE562C67303E /* Source */ = {
			isa = PBXGroup;
			children = (
				93D6EB1E06D45FCE5F4E4CB2 /* .. */,
				2E7A1590E4CC4A9EECC7D66A /* include/revolution */,
				15DE25E04A6DC4BBD5A1203C /* src */,
			);
			name = Source;
			sourceTree = "<group>";
		};
		87E4A25D4AAD5F85C202B9C4 = {
			isa = PBXGroup;
			children = (
				52EA1077D4FDEE562C67303E /* Source */,
				163CCA1B7327754CDDA7788F /* Products */,
				D6C272F92996CFFB12746007 /* Build */,
			);
			sourceTree = "<group>";
		};
		93D6EB1E06D45FCE5F4E4CB2 /* .. */ = {
			isa = PBXGroup;
			children = (
				3CD171680375A65D2E737159 /* version */,
			);
			path = ..;
			sourceTree = "<group>";
		};
		D6C272F92996CFFB12746007 /* Build */ = {
			isa = PBXGroup;
			children = (
				574AEE0C398920AD6DBA278B /* android-settings.gypi */,
				1297FA0ACA0A1B1A0C45D0A3 /* android.gypi */,
				D2E924E18C5ED1B08CDFAC72 /* arch.gypi */,
				503973A28D8488384519C03A /* common.gypi */,
				EB10D2B56019A165F99F1B81 /* configurations.gypi */,
				D99CBF6D64FF077C4809A298 /* crosscompile.gypi */,
				D0270DA92A0B256578ECDC42 /* emscripten-settings.gypi */,
				0A483FAC62AD6C8457B19AB2 /* emscripten.gypi */,
				2875A1137E076B2B709A419F /* exclusions.gypi */,
				F7317253805F25309F580C95 /* ios.gypi */,
				2FDE65D83434B5103070CC0B /* libexternal.gyp */,
				AD05B5470438548310209988 /* linux-settings.gypi */,
				0CB83A9E3321960781700F18 /* linux.gypi */,
				1376FA3D7C17C75F35160E26 /* mac.gypi */,
				F6E08AF370F4B7D746F72D9E /* perl.gypi */,
				EFAF6F96EC08E374EEE2171D /* target_os.gypi */,
				F999E869BA668AABE828D071 /* thirdparty.gypi */,
				1FC398F3A40B73EB00A9C679 /* version.gypi */,
				1AC3D5469150ABB2FB81B76F /* win32.gypi */,
				DC09B771723B540E7BC170A5 /* yacc.gypi */,
			);
			name = Build;
			sourceTree = "<group>";
		};
/* End PBXGroup section */

/* Begin PBXNativeTarget section */
		508956C5A09E00FD1A6ED0E2 /* libExternal */ = {
			isa = PBXNativeTarget;
			buildConfigurationList = 12FE85DC5CC70AAAD1A69AB5 /* Build configuration list for PBXNativeTarget "libExternal" */;
			buildPhases = (
				A1F0C22487006AEDB4D10776 /* Sources */,
				F33FD0B98D1CAE41231A3ADF /* Frameworks */,
			);
			buildRules = (
			);
			dependencies = (
			);
			name = libExternal;
			productName = External;
			productReference = 73AD7E038E4E1683AE423BFC /* libExternal.a */;
			productType = "com.apple.product-type.library.static";
		};
		728A2F69A11C0366224F351C /* libExternal (host) */ = {
			isa = PBXNativeTarget;
			buildConfigurationList = D2ACA70F5E9838B2890D4D3E /* Build configuration list for PBXNativeTarget "libExternal (host)" */;
			buildPhases = (
				2F76087FDAF5AE81CFB24564 /* Sources */,
				CFE4436EB73A73108A142C44 /* Frameworks */,
			);
			buildRules = (
			);
			dependencies = (
			);
			name = "libExternal (host)";
			productName = "External (host)";
			productReference = 7DAF95721375FEF9FB6262D6 /* libExternal (host).a */;
			productType = "com.apple.product-type.library.static";
		};
/* End PBXNativeTarget section */

/* Begin PBXProject section */
		F18064333234211260852A77 /* Project object */ = {
			isa = PBXProject;
			attributes = {
				BuildIndependentTargetsInParallel = YES;
				LastUpgradeCheck = 100000;
			};
			buildConfigurationList = 8166A35F322E541F4173DD18 /* Build configuration list for PBXProject "libexternal" */;
			compatibilityVersion = "Xcode 3.2";
			hasScannedForEncodings = 1;
			mainGroup = 87E4A25D4AAD5F85C202B9C4;
			projectDirPath = ../../../libexternal;
			projectRoot = "";
			targets = (
				C06BCCE370599D09302B3F69 /* All */,
				508956C5A09E00FD1A6ED0E2 /* libExternal */,
				728A2F69A11C0366224F351C /* libExternal (host) */,
				4958E4CAFF54B5E1EF2DDD62 /* libExternal-symbol-exports */,
			);
		};
/* End PBXProject section */

/* Begin PBXSourcesBuildPhase section */
		2F76087FDAF5AE81CFB24564 /* Sources */ = {
			isa = PBXSourcesBuildPhase;
			buildActionMask = 2147483647;
			files = (
				E20FE88F3DD1EC07B7C41BB5 /* external.c in Sources */,
				F5F869F1E025D47C151BEC4E /* osxsupport.cpp in Sources */,
			);
			runOnlyForDeploymentPostprocessing = 0;
		};
		A1F0C22487006AEDB4D10776 /* Sources */ = {
			isa = PBXSourcesBuildPhase;
			buildActionMask = 2147483647;
			files = (
				9E56CA4CB12E5F809AA7BD3E /* external.c in Sources */,
				93A241F2A2250C158DDD0B97 /* osxsupport.cpp in Sources */,
			);
			runOnlyForDeploymentPostprocessing = 0;
		};
/* End PBXSourcesBuildPhase section */

/* Begin PBXTargetDependency section */
		74AE0ED6E4FC6D155256FB3A /* PBXTargetDependency */ = {
			isa = PBXTargetDependency;
			target = 4958E4CAFF54B5E1EF2DDD62 /* libExternal-symbol-exports */;
			targetProxy = FA3C66C6EA60D274A9991BD3 /* PBXContainerItemProxy */;
		};
		C7A910D0541A823D02C06CB0 /* PBXTargetDependency */ = {
			isa = PBXTargetDependency;
			target = 508956C5A09E00FD1A6ED0E2 /* libExternal */;
			targetProxy = E50D18BBAF6D8E59E60D8EAA /* PBXContainerItemProxy */;
		};
		F2B969031DB8538F8ED644A9 /* PBXTargetDependency */ = {
			isa = PBXTargetDependency;
			target = 728A2F69A11C0366224F351C /* libExternal (host) */;
			targetProxy = C4C4BA67EAC635CB6A606527 /* PBXContainerItemProxy */;
		};
/* End PBXTargetDependency section */

/* Begin XCBuildConfiguration section */
		0B6E44E3B7A4F89A78F867C9 /* Debug */ = {
			isa = XCBuildConfiguration;
			buildSettings = {
				CLANG_WARN_ASSIGN_ENUM = YES;
				CLANG_WARN_BOOL_CONVERSION = YES;
				CLANG_WARN_CONSTANT_CONVERSION = YES;
				CLANG_WARN_EMPTY_BODY = YES;
				CLANG_WARN_ENUM_CONVERSION = YES;
				CLANG_WARN_SUSPICIOUS_IMPLICIT_CONVERSION = YES;
				CLANG_WARN_UNREACHABLE_CODE = YES;
				EXECUTABLE_PREFIX = lib;
				GCC_PREPROCESSOR_DEFINITIONS = (
					CROSS_COMPILE_TARGET,
					TARGET_PLATFORM_MACOS_X,
					_MACOSX,
					_DEBUG,
				);
				GCC_WARN_64_TO_32_BIT_CONVERSION = YES;
				GCC_WARN_ABOUT_MISSING_FIELD_INITIALIZERS = YES;
				GCC_WARN_ABOUT_MISSING_NEWLINE = YES;
				GCC_WARN_ABOUT_MISSING_PROTOTYPES = NO;
				GCC_WARN_ABOUT_POINTER_SIGNEDNESS = YES;
				GCC_WARN_ABOUT_RETURN_TYPE = YES;
				GCC_WARN_CHECK_SWITCH_STATEMENTS = YES;
				GCC_WARN_INITIALIZER_NOT_FULLY_BRACKETED = YES;
				GCC_WARN_MISSING_PARENTHESES = YES;
				GCC_WARN_SHADOW = YES;
				GCC_WARN_SIGN_COMPARE = YES;
				GCC_WARN_TYPECHECK_CALLS_TO_PRINTF = YES;
				GCC_WARN_UNINITIALIZED_AUTOS = YES;
				GCC_WARN_UNKNOWN_PRAGMAS = YES;
				GCC_WARN_UNUSED_FUNCTION = YES;
				GCC_WARN_UNUSED_LABEL = YES;
				GCC_WARN_UNUSED_PARAMETER = NO;
				GCC_WARN_UNUSED_VALUE = YES;
				GCC_WARN_UNUSED_VARIABLE = YES;
				HEADER_SEARCH_PATHS = (
					include,
					src,
					../libcore/include,
				);
				OTHER_LDFLAGS = (
					"-Wl,-platform_version",
					"-Wl,macos",
					"-Wl,10.9",
					"-Wl,10.9",
				);
				PRODUCT_NAME = External;
				WARNING_CFLAGS = (
					"-Wall",
					"-Wextra",
					"-Wno-conversion",
					"-Wno-shorten-64-to-32",
					"-Werror=declaration-after-statement",
					"-Werror=delete-non-virtual-dtor",
					"-Werror=overloaded-virtual",
					"-Wno-unused-parameter",
					"-Werror=uninitialized",
					"-Werror=return-type",
					"-Werror=tautological-compare",
					"-Werror=logical-not-parentheses",
					"-Werror=conversion-null",
					"-Werror=missing-declarations",
					"-Werror=mismatched-new-delete",
					"-Werror=parentheses",
					"-Werror=unused-variable",
					"-Werror=constant-logical-operand",
					"-Werror=unknown-pragmas",
					"-Werror=missing-field-initializers",
					"-Werror=objc-literal-compare",
					"-Werror=shadow",
					"-Werror=unreachable-code",
					"-Werror=enum-compare",
					"-Werror=switch",
				);
			};
			name = Debug;
		};
		0C27DDA98F216B00434D46B8 /* Fast */ = {
			isa = XCBuildConfiguration;
			buildSettings = {
				CLANG_WARN_ASSIGN_ENUM = YES;
				CLANG_WARN_BOOL_CONVERSION = YES;
				CLANG_WARN_CONSTANT_CONVERSION = YES;
				CLANG_WARN_EMPTY_BODY = YES;
				CLANG_WARN_ENUM_CONVERSION = YES;
				CLANG_WARN_SUSPICIOUS_IMPLICIT_CONVERSION = YES;
				CLANG_WARN_UNREACHABLE_CODE = YES;
				EXECUTABLE_PREFIX = lib;
				GCC_PREPROCESSOR_DEFINITIONS = (
					CROSS_COMPILE_TARGET,
					TARGET_PLATFORM_MACOS_X,
					_MACOSX,
					_RELEASE,
					NDEBUG,
				);
				GCC_WARN_64_TO_32_BIT_CONVERSION = YES;
				GCC_WARN_ABOUT_MISSING_FIELD_INITIALIZERS = YES;
				GCC_WARN_ABOUT_MISSING_NEWLINE = YES;
				GCC_WARN_ABOUT_MISSING_PROTOTYPES = NO;
				GCC_WARN_ABOUT_POINTER_SIGNEDNESS = YES;
				GCC_WARN_ABOUT_RETURN_TYPE = YES;
				GCC_WARN_CHECK_SWITCH_STATEMENTS = YES;
				GCC_WARN_INITIALIZER_NOT_FULLY_BRACKETED = YES;
				GCC_WARN_MISSING_PARENTHESES = YES;
				GCC_WARN_SHADOW = YES;
				GCC_WARN_SIGN_COMPARE = YES;
				GCC_WARN_TYPECHECK_CALLS_TO_PRINTF = YES;
				GCC_WARN_UNINITIALIZED_AUTOS = YES;
				GCC_WARN_UNKNOWN_PRAGMAS = YES;
				GCC_WARN_UNUSED_FUNCTION = YES;
				GCC_WARN_UNUSED_LABEL = YES;
				GCC_WARN_UNUSED_PARAMETER = NO;
				GCC_WARN_UNUSED_VALUE = YES;
				GCC_WARN_UNUSED_VARIABLE = YES;
				HEADER_SEARCH_PATHS = (
					include,
					src,
					../libcore/include,
				);
				OTHER_LDFLAGS = (
					"-Wl,-platform_version",
					"-Wl,macos",
					"-Wl,10.9",
					"-Wl,10.9",
				);
				PRODUCT_NAME = External;
				WARNING_CFLAGS = (
					"-Wall",
					"-Wextra",
					"-Wno-conversion",
					"-Wno-shorten-64-to-32",
					"-Werror=declaration-after-statement",
					"-Werror=delete-non-virtual-dtor",
					"-Werror=overloaded-virtual",
					"-Wno-unused-parameter",
					"-Werror=uninitialized",
					"-Werror=return-type",
					"-Werror=tautological-compare",
					"-Werror=logical-not-parentheses",
					"-Werror=conversion-null",
					"-Werror=missing-declarations",
					"-Werror=mismatched-new-delete",
					"-Werror=parentheses",
					"-Werror=unused-variable",
					"-Werror=constant-logical-operand",
					"-Werror=unknown-pragmas",
					"-Werror=missing-field-initializers",
					"-Werror=objc-literal-compare",
					"-Werror=shadow",
					"-Werror=unreachable-code",
					"-Werror=enum-compare",
					"-Werror=switch",
				);
			};
			name = Fast;
		};
		188BE4910D72B5F7FC5119FC /* Fast */ = {
			isa = XCBuildConfiguration;
			buildSettings = {
				PRODUCT_NAME = All;
			};
			name = Fast;
		};
		339205B62B3A5EA6C25C0B4C /* Fast */ = {
			isa = XCBuildConfiguration;
			buildSettings = {
				CLANG_WARN_ASSIGN_ENUM = YES;
				CLANG_WARN_BOOL_CONVERSION = YES;
				CLANG_WARN_CONSTANT_CONVERSION = YES;
				CLANG_WARN_EMPTY_BODY = YES;
				CLANG_WARN_ENUM_CONVERSION = YES;
				CLANG_WARN_SUSPICIOUS_IMPLICIT_CONVERSION = YES;
				CLANG_WARN_UNREACHABLE_CODE = YES;
				GCC_PREPROCESSOR_DEFINITIONS = (
					CROSS_COMPILE_TARGET,
					TARGET_PLATFORM_MACOS_X,
					_MACOSX,
					_RELEASE,
					NDEBUG,
				);
				GCC_WARN_64_TO_32_BIT_CONVERSION = YES;
				GCC_WARN_ABOUT_MISSING_FIELD_INITIALIZERS = YES;
				GCC_WARN_ABOUT_MISSING_NEWLINE = YES;
				GCC_WARN_ABOUT_MISSING_PROTOTYPES = NO;
				GCC_WARN_ABOUT_POINTER_SIGNEDNESS = YES;
				GCC_WARN_ABOUT_RETURN_TYPE = YES;
				GCC_WARN_CHECK_SWITCH_STATEMENTS = YES;
				GCC_WARN_INITIALIZER_NOT_FULLY_BRACKETED = YES;
				GCC_WARN_MISSING_PARENTHESES = YES;
				GCC_WARN_SHADOW = YES;
				GCC_WARN_SIGN_COMPARE = YES;
				GCC_WARN_TYPECHECK_CALLS_TO_PRINTF = YES;
				GCC_WARN_UNINITIALIZED_AUTOS = YES;
				GCC_WARN_UNKNOWN_PRAGMAS = YES;
				GCC_WARN_UNUSED_FUNCTION = YES;
				GCC_WARN_UNUSED_LABEL = YES;
				GCC_WARN_UNUSED_PARAMETER = NO;
				GCC_WARN_UNUSED_VALUE = YES;
				GCC_WARN_UNUSED_VARIABLE = YES;
				OTHER_LDFLAGS = (
					"-Wl,-platform_version",
					"-Wl,macos",
					"-Wl,10.9",
					"-Wl,10.9",
				);
				PRODUCT_NAME = "libExternal-symbol-exports";
				WARNING_CFLAGS = (
					"-Wall",
					"-Wextra",
					"-Wno-conversion",
					"-Wno-shorten-64-to-32",
					"-Werror=declaration-after-statement",
					"-Werror=delete-non-virtual-dtor",
					"-Werror=overloaded-virtual",
					"-Wno-unused-parameter",
					"-Werror=uninitialized",
					"-Werror=return-type",
					"-Werror=tautological-compare",
					"-Werror=logical-not-parentheses",
					"-Werror=conversion-null",
					"-Werror=missing-declarations",
					"-Werror=mismatched-new-delete",
					"-Werror=parentheses",
					"-Werror=unused-variable",
					"-Werror=constant-logical-operand",
					"-Werror=unknown-pragmas",
					"-Werror=missing-field-initializers",
					"-Werror=objc-literal-compare",
					"-Werror=shadow",
					"-Werror=unreachable-code",
					"-Werror=enum-compare",
					"-Werror=switch",
				);
			};
			name = Fast;
		};
		5C7A82FC75FC3838FEDA7E41 /* Release */ = {
			isa = XCBuildConfiguration;
			buildSettings = {
				CLANG_WARN_ASSIGN_ENUM = YES;
				CLANG_WARN_BOOL_CONVERSION = YES;
				CLANG_WARN_CONSTANT_CONVERSION = YES;
				CLANG_WARN_EMPTY_BODY = YES;
				CLANG_WARN_ENUM_CONVERSION = YES;
				CLANG_WARN_SUSPICIOUS_IMPLICIT_CONVERSION = YES;
				CLANG_WARN_UNREACHABLE_CODE = YES;
				EXECUTABLE_PREFIX = lib;
				GCC_PREPROCESSOR_DEFINITIONS = (
					CROSS_COMPILE_HOST,
					TARGET_PLATFORM_MACOS_X,
					_MACOSX,
					_RELEASE,
					NDEBUG,
				);
				GCC_WARN_64_TO_32_BIT_CONVERSION = YES;
				GCC_WARN_ABOUT_MISSING_FIELD_INITIALIZERS = YES;
				GCC_WARN_ABOUT_MISSING_NEWLINE = YES;
				GCC_WARN_ABOUT_MISSING_PROTOTYPES = NO;
				GCC_WARN_ABOUT_POINTER_SIGNEDNESS = YES;
				GCC_WARN_ABOUT_RETURN_TYPE = YES;
				GCC_WARN_CHECK_SWITCH_STATEMENTS = YES;
				GCC_WARN_INITIALIZER_NOT_FULLY_BRACKETED = YES;
				GCC_WARN_MISSING_PARENTHESES = YES;
				GCC_WARN_SHADOW = YES;
				GCC_WARN_SIGN_COMPARE = YES;
				GCC_WARN_TYPECHECK_CALLS_TO_PRINTF = YES;
				GCC_WARN_UNINITIALIZED_AUTOS = YES;
				GCC_WARN_UNKNOWN_PRAGMAS = YES;
				GCC_WARN_UNUSED_FUNCTION = YES;
				GCC_WARN_UNUSED_LABEL = YES;
				GCC_WARN_UNUSED_PARAMETER = NO;
				GCC_WARN_UNUSED_VALUE = YES;
				GCC_WARN_UNUSED_VARIABLE = YES;
				HEADER_SEARCH_PATHS = (
					include,
					src,
					../libcore/include,
				);
				OTHER_LDFLAGS = (
					"-Wl,-platform_version",
					"-Wl,macos",
					"-Wl,10.9",
					"-Wl,10.9",
				);
				PRODUCT_NAME = "External (host)";
				WARNING_CFLAGS = (
					"-Wall",
					"-Wextra",
					"-Wno-conversion",
					"-Wno-shorten-64-to-32",
					"-Werror=declaration-after-statement",
					"-Werror=delete-non-virtual-dtor",
					"-Werror=overloaded-virtual",
					"-Wno-unused-parameter",
					"-Werror=uninitialized",
					"-Werror=return-type",
					"-Werror=tautological-compare",
					"-Werror=logical-not-parentheses",
					"-Werror=conversion-null",
					"-Werror=missing-declarations",
					"-Werror=mismatched-new-delete",
					"-Werror=parentheses",
					"-Werror=unused-variable",
					"-Werror=constant-logical-operand",
					"-Werror=unknown-pragmas",
					"-Werror=missing-field-initializers",
					"-Werror=objc-literal-compare",
					"-Werror=shadow",
					"-Werror=unreachable-code",
					"-Werror=enum-compare",
					"-Werror=switch",
				);
			};
			name = Release;
		};
		6C4F831994D7E9B72AD38170 /* Fast */ = {
			isa = XCBuildConfiguration;
			buildSettings = {
				CLANG_WARN_ASSIGN_ENUM = YES;
				CLANG_WARN_BOOL_CONVERSION = YES;
				CLANG_WARN_CONSTANT_CONVERSION = YES;
				CLANG_WARN_EMPTY_BODY = YES;
				CLANG_WARN_ENUM_CONVERSION = YES;
				CLANG_WARN_SUSPICIOUS_IMPLICIT_CONVERSION = YES;
				CLANG_WARN_UNREACHABLE_CODE = YES;
				EXECUTABLE_PREFIX = lib;
				GCC_PREPROCESSOR_DEFINITIONS = (
					CROSS_COMPILE_HOST,
					TARGET_PLATFORM_MACOS_X,
					_MACOSX,
					_RELEASE,
					NDEBUG,
				);
				GCC_WARN_64_TO_32_BIT_CONVERSION = YES;
				GCC_WARN_ABOUT_MISSING_FIELD_INITIALIZERS = YES;
				GCC_WARN_ABOUT_MISSING_NEWLINE = YES;
				GCC_WARN_ABOUT_MISSING_PROTOTYPES = NO;
				GCC_WARN_ABOUT_POINTER_SIGNEDNESS = YES;
				GCC_WARN_ABOUT_RETURN_TYPE = YES;
				GCC_WARN_CHECK_SWITCH_STATEMENTS = YES;
				GCC_WARN_INITIALIZER_NOT_FULLY_BRACKETED = YES;
				GCC_WARN_MISSING_PARENTHESES = YES;
				GCC_WARN_SHADOW = YES;
				GCC_WARN_SIGN_COMPARE = YES;
				GCC_WARN_TYPECHECK_CALLS_TO_PRINTF = YES;
				GCC_WARN_UNINITIALIZED_AUTOS = YES;
				GCC_WARN_UNKNOWN_PRAGMAS = YES;
				GCC_WARN_UNUSED_FUNCTION = YES;
				GCC_WARN_UNUSED_LABEL = YES;
				GCC_WARN_UNUSED_PARAMETER = NO;
				GCC_WARN_UNUSED_VALUE = YES;
				GCC_WARN_UNUSED_VARIABLE = YES;
				HEADER_SEARCH_PATHS = (
					include,
					src,
					../libcore/include,
				);
				OTHER_LDFLAGS = (
					"-Wl,-platform_version",
					"-Wl,macos",
					"-Wl,10.9",
					"-Wl,10.9",
				);
				PRODUCT_NAME = "External (host)";
				WARNING_CFLAGS = (
					"-Wall",
					"-Wextra",
					"-Wno-conversion",
					"-Wno-shorten-64-to-32",
					"-Werror=declaration-after-statement",
					"-Werror=delete-non-virtual-dtor",
					"-Werror=overloaded-virtual",
					"-Wno-unused-parameter",
					"-Werror=uninitialized",
					"-Werror=return-type",
					"-Werror=tautological-compare",
					"-Werror=logical-not-parentheses",
					"-Werror=conversion-null",
					"-Werror=missing-declarations",
					"-Werror=mismatched-new-delete",
					"-Werror=parentheses",
					"-Werror=unused-variable",
					"-Werror=constant-logical-operand",
					"-Werror=unknown-pragmas",
					"-Werror=missing-field-initializers",
					"-Werror=objc-literal-compare",
					"-Werror=shadow",
					"-Werror=unreachable-code",
					"-Werror=enum-compare",
					"-Werror=switch",
				);
			};
			name = Fast;
		};
		7319DCB161B60745200D11D7 /* Release */ = {
			isa = XCBuildConfiguration;
			buildSettings = {
				CLANG_WARN_ASSIGN_ENUM = YES;
				CLANG_WARN_BOOL_CONVERSION = YES;
				CLANG_WARN_CONSTANT_CONVERSION = YES;
				CLANG_WARN_EMPTY_BODY = YES;
				CLANG_WARN_ENUM_CONVERSION = YES;
				CLANG_WARN_SUSPICIOUS_IMPLICIT_CONVERSION = YES;
				CLANG_WARN_UNREACHABLE_CODE = YES;
				GCC_PREPROCESSOR_DEFINITIONS = (
					CROSS_COMPILE_TARGET,
					TARGET_PLATFORM_MACOS_X,
					_MACOSX,
					_RELEASE,
					NDEBUG,
				);
				GCC_WARN_64_TO_32_BIT_CONVERSION = YES;
				GCC_WARN_ABOUT_MISSING_FIELD_INITIALIZERS = YES;
				GCC_WARN_ABOUT_MISSING_NEWLINE = YES;
				GCC_WARN_ABOUT_MISSING_PROTOTYPES = NO;
				GCC_WARN_ABOUT_POINTER_SIGNEDNESS = YES;
				GCC_WARN_ABOUT_RETURN_TYPE = YES;
				GCC_WARN_CHECK_SWITCH_STATEMENTS = YES;
				GCC_WARN_INITIALIZER_NOT_FULLY_BRACKETED = YES;
				GCC_WARN_MISSING_PARENTHESES = YES;
				GCC_WARN_SHADOW = YES;
				GCC_WARN_SIGN_COMPARE = YES;
				GCC_WARN_TYPECHECK_CALLS_TO_PRINTF = YES;
				GCC_WARN_UNINITIALIZED_AUTOS = YES;
				GCC_WARN_UNKNOWN_PRAGMAS = YES;
				GCC_WARN_UNUSED_FUNCTION = YES;
				GCC_WARN_UNUSED_LABEL = YES;
				GCC_WARN_UNUSED_PARAMETER = NO;
				GCC_WARN_UNUSED_VALUE = YES;
				GCC_WARN_UNUSED_VARIABLE = YES;
				OTHER_LDFLAGS = (
					"-Wl,-platform_version",
					"-Wl,macos",
					"-Wl,10.9",
					"-Wl,10.9",
				);
				PRODUCT_NAME = "libExternal-symbol-exports";
				WARNING_CFLAGS = (
					"-Wall",
					"-Wextra",
					"-Wno-conversion",
					"-Wno-shorten-64-to-32",
					"-Werror=declaration-after-statement",
					"-Werror=delete-non-virtual-dtor",
					"-Werror=overloaded-virtual",
					"-Wno-unused-parameter",
					"-Werror=uninitialized",
					"-Werror=return-type",
					"-Werror=tautological-compare",
					"-Werror=logical-not-parentheses",
					"-Werror=conversion-null",
					"-Werror=missing-declarations",
					"-Werror=mismatched-new-delete",
					"-Werror=parentheses",
					"-Werror=unused-variable",
					"-Werror=constant-logical-operand",
					"-Werror=unknown-pragmas",
					"-Werror=missing-field-initializers",
					"-Werror=objc-literal-compare",
					"-Werror=shadow",
					"-Werror=unreachable-code",
					"-Werror=enum-compare",
					"-Werror=switch",
				);
			};
			name = Release;
		};
		8317D2881219DBCAE0ED4F5C /* Debug */ = {
			isa = XCBuildConfiguration;
			buildSettings = {
				CLANG_WARN_ASSIGN_ENUM = YES;
				CLANG_WARN_BOOL_CONVERSION = YES;
				CLANG_WARN_CONSTANT_CONVERSION = YES;
				CLANG_WARN_EMPTY_BODY = YES;
				CLANG_WARN_ENUM_CONVERSION = YES;
				CLANG_WARN_SUSPICIOUS_IMPLICIT_CONVERSION = YES;
				CLANG_WARN_UNREACHABLE_CODE = YES;
				EXECUTABLE_PREFIX = lib;
				GCC_PREPROCESSOR_DEFINITIONS = (
					CROSS_COMPILE_HOST,
					TARGET_PLATFORM_MACOS_X,
					_MACOSX,
					_DEBUG,
				);
				GCC_WARN_64_TO_32_BIT_CONVERSION = YES;
				GCC_WARN_ABOUT_MISSING_FIELD_INITIALIZERS = YES;
				GCC_WARN_ABOUT_MISSING_NEWLINE = YES;
				GCC_WARN_ABOUT_MISSING_PROTOTYPES = NO;
				GCC_WARN_ABOUT_POINTER_SIGNEDNESS = YES;
				GCC_WARN_ABOUT_RETURN_TYPE = YES;
				GCC_WARN_CHECK_SWITCH_STATEMENTS = YES;
				GCC_WARN_INITIALIZER_NOT_FULLY_BRACKETED = YES;
				GCC_WARN_MISSING_PARENTHESES = YES;
				GCC_WARN_SHADOW = YES;
				GCC_WARN_SIGN_COMPARE = YES;
				GCC_WARN_TYPECHECK_CALLS_TO_PRINTF = YES;
				GCC_WARN_UNINITIALIZED_AUTOS = YES;
				GCC_WARN_UNKNOWN_PRAGMAS = YES;
				GCC_WARN_UNUSED_FUNCTION = YES;
				GCC_WARN_UNUSED_LABEL = YES;
				GCC_WARN_UNUSED_PARAMETER = NO;
				GCC_WARN_UNUSED_VALUE = YES;
				GCC_WARN_UNUSED_VARIABLE = YES;
				HEADER_SEARCH_PATHS = (
					include,
					src,
					../libcore/include,
				);
				OTHER_LDFLAGS = (
					"-Wl,-platform_version",
					"-Wl,macos",
					"-Wl,10.9",
					"-Wl,10.9",
				);
				PRODUCT_NAME = "External (host)";
				WARNING_CFLAGS = (
					"-Wall",
					"-Wextra",
					"-Wno-conversion",
					"-Wno-shorten-64-to-32",
					"-Werror=declaration-after-statement",
					"-Werror=delete-non-virtual-dtor",
					"-Werror=overloaded-virtual",
					"-Wno-unused-parameter",
					"-Werror=uninitialized",
					"-Werror=return-type",
					"-Werror=tautological-compare",
					"-Werror=logical-not-parentheses",
					"-Werror=conversion-null",
					"-Werror=missing-declarations",
					"-Werror=mismatched-new-delete",
					"-Werror=parentheses",
					"-Werror=unused-variable",
					"-Werror=constant-logical-operand",
					"-Werror=unknown-pragmas",
					"-Werror=missing-field-initializers",
					"-Werror=objc-literal-compare",
					"-Werror=shadow",
					"-Werror=unreachable-code",
					"-Werror=enum-compare",
					"-Werror=switch",
				);
			};
			name = Debug;
		};
		84E8F28D3D5C20CEA8B69BA5 /* Release */ = {
			isa = XCBuildConfiguration;
			buildSettings = {
				CLANG_WARN_ASSIGN_ENUM = YES;
				CLANG_WARN_BOOL_CONVERSION = YES;
				CLANG_WARN_CONSTANT_CONVERSION = YES;
				CLANG_WARN_EMPTY_BODY = YES;
				CLANG_WARN_ENUM_CONVERSION = YES;
				CLANG_WARN_SUSPICIOUS_IMPLICIT_CONVERSION = YES;
				CLANG_WARN_UNREACHABLE_CODE = YES;
				EXECUTABLE_PREFIX = lib;
				GCC_PREPROCESSOR_DEFINITIONS = (
					CROSS_COMPILE_TARGET,
					TARGET_PLATFORM_MACOS_X,
					_MACOSX,
					_RELEASE,
					NDEBUG,
				);
				GCC_WARN_64_TO_32_BIT_CONVERSION = YES;
				GCC_WARN_ABOUT_MISSING_FIELD_INITIALIZERS = YES;
				GCC_WARN_ABOUT_MISSING_NEWLINE = YES;
				GCC_WARN_ABOUT_MISSING_PROTOTYPES = NO;
				GCC_WARN_ABOUT_POINTER_SIGNEDNESS = YES;
				GCC_WARN_ABOUT_RETURN_TYPE = YES;
				GCC_WARN_CHECK_SWITCH_STATEMENTS = YES;
				GCC_WARN_INITIALIZER_NOT_FULLY_BRACKETED = YES;
				GCC_WARN_MISSING_PARENTHESES = YES;
				GCC_WARN_SHADOW = YES;
				GCC_WARN_SIGN_COMPARE = YES;
				GCC_WARN_TYPECHECK_CALLS_TO_PRINTF = YES;
				GCC_WARN_UNINITIALIZED_AUTOS = YES;
				GCC_WARN_UNKNOWN_PRAGMAS = YES;
				GCC_WARN_UNUSED_FUNCTION = YES;
				GCC_WARN_UNUSED_LABEL = YES;
				GCC_WARN_UNUSED_PARAMETER = NO;
				GCC_WARN_UNUSED_VALUE = YES;
				GCC_WARN_UNUSED_VARIABLE = YES;
				HEADER_SEARCH_PATHS = (
					include,
					src,
					../libcore/include,
				);
				OTHER_LDFLAGS = (
					"-Wl,-platform_version",
					"-Wl,macos",
					"-Wl,10.9",
					"-Wl,10.9",
				);
				PRODUCT_NAME = External;
				WARNING_CFLAGS = (
					"-Wall",
					"-Wextra",
					"-Wno-conversion",
					"-Wno-shorten-64-to-32",
					"-Werror=declaration-after-statement",
					"-Werror=delete-non-virtual-dtor",
					"-Werror=overloaded-virtual",
					"-Wno-unused-parameter",
					"-Werror=uninitialized",
					"-Werror=return-type",
					"-Werror=tautological-compare",
					"-Werror=logical-not-parentheses",
					"-Werror=conversion-null",
					"-Werror=missing-declarations",
					"-Werror=mismatched-new-delete",
					"-Werror=parentheses",
					"-Werror=unused-variable",
					"-Werror=constant-logical-operand",
					"-Werror=unknown-pragmas",
					"-Werror=missing-field-initializers",
					"-Werror=objc-literal-compare",
					"-Werror=shadow",
					"-Werror=unreachable-code",
					"-Werror=enum-compare",
					"-Werror=switch",
				);
			};
			name = Release;
		};
		9CA368A8A2348363B4CC2E6D /* Debug */ = {
			isa = XCBuildConfiguration;
			buildSettings = {
				PRODUCT_NAME = All;
			};
			name = Debug;
		};
		CB812899B5CD1E6832DEBC36 /* Release */ = {
			isa = XCBuildConfiguration;
			buildSettings = {
				PRODUCT_NAME = All;
			};
			name = Release;
		};
		D1AD963AE7CE2750D857102C /* Fast */ = {
			isa = XCBuildConfiguration;
			baseConfigurationReference = 3CD171680375A65D2E737159 /* version */;
			buildSettings = {
				ALWAYS_SEARCH_USER_PATHS = NO;
				ARCHS = x86_64;
				CLANG_CXX_LANGUAGE_STANDARD = "c++11";
				CLANG_CXX_LIBRARY = "libc++";
				CLANG_LINK_OBJC_RUNTIME = NO;
				CONFIGURATION_BUILD_DIR = "$(SYMROOT)/$(CONFIGURATION)";
				CONFIGURATION_TEMP_DIR = "$(OBJROOT)/$(CONFIGURATION)";
				COPY_PHASE_STRIP = NO;
				GCC_ENABLE_CPP_EXCEPTIONS = NO;
				GCC_ENABLE_CPP_RTTI = NO;
				GCC_ENABLE_FIX_AND_CONTINUE = NO;
				GCC_OPTIMIZATION_LEVEL = 0;
				GCC_SYMBOLS_PRIVATE_EXTERN = YES;
				GCC_THREADSAFE_STATICS = NO;
				GCC_WARN_ABOUT_DEPRECATED_FUNCTIONS = NO;
				INTERMEDIATE_DIR = "$(PROJECT_DERIVED_FILE_DIR)/$(CONFIGURATION)";
				MACOSX_DEPLOYMENT_TARGET = 10.9;
				OBJROOT = "$(SOLUTION_DIR)/_cache/mac";
				SDKROOT = macosx10.9;
				SHARED_INTERMEDIATE_DIR = "$(SYMROOT)/DerivedSources/$(CONFIGURATION)";
				SHARED_PRECOMPS_DIR = "$(OBJROOT)/Precompiled/$(CURRENT_ARCH)";
				SOLUTION_DIR = ..;
				STRIP_INSTALLED_PRODUCT = NO;
				SYMROOT = "$(SOLUTION_DIR)/_build/mac";
			};
			name = Fast;
		};
		E7C1339348F0D0A88520698F /* Debug */ = {
			isa = XCBuildConfiguration;
			buildSettings = {
				CLANG_WARN_ASSIGN_ENUM = YES;
				CLANG_WARN_BOOL_CONVERSION = YES;
				CLANG_WARN_CONSTANT_CONVERSION = YES;
				CLANG_WARN_EMPTY_BODY = YES;
				CLANG_WARN_ENUM_CONVERSION = YES;
				CLANG_WARN_SUSPICIOUS_IMPLICIT_CONVERSION = YES;
				CLANG_WARN_UNREACHABLE_CODE = YES;
				GCC_PREPROCESSOR_DEFINITIONS = (
					CROSS_COMPILE_TARGET,
					TARGET_PLATFORM_MACOS_X,
					_MACOSX,
					_DEBUG,
				);
				GCC_WARN_64_TO_32_BIT_CONVERSION = YES;
				GCC_WARN_ABOUT_MISSING_FIELD_INITIALIZERS = YES;
				GCC_WARN_ABOUT_MISSING_NEWLINE = YES;
				GCC_WARN_ABOUT_MISSING_PROTOTYPES = NO;
				GCC_WARN_ABOUT_POINTER_SIGNEDNESS = YES;
				GCC_WARN_ABOUT_RETURN_TYPE = YES;
				GCC_WARN_CHECK_SWITCH_STATEMENTS = YES;
				GCC_WARN_INITIALIZER_NOT_FULLY_BRACKETED = YES;
				GCC_WARN_MISSING_PARENTHESES = YES;
				GCC_WARN_SHADOW = YES;
				GCC_WARN_SIGN_COMPARE = YES;
				GCC_WARN_TYPECHECK_CALLS_TO_PRINTF = YES;
				GCC_WARN_UNINITIALIZED_AUTOS = YES;
				GCC_WARN_UNKNOWN_PRAGMAS = YES;
				GCC_WARN_UNUSED_FUNCTION = YES;
				GCC_WARN_UNUSED_LABEL = YES;
				GCC_WARN_UNUSED_PARAMETER = NO;
				GCC_WARN_UNUSED_VALUE = YES;
				GCC_WARN_UNUSED_VARIABLE = YES;
				OTHER_LDFLAGS = (
					"-Wl,-platform_version",
					"-Wl,macos",
					"-Wl,10.9",
					"-Wl,10.9",
				);
				PRODUCT_NAME = "libExternal-symbol-exports";
				WARNING_CFLAGS = (
					"-Wall",
					"-Wextra",
					"-Wno-conversion",
					"-Wno-shorten-64-to-32",
					"-Werror=declaration-after-statement",
					"-Werror=delete-non-virtual-dtor",
					"-Werror=overloaded-virtual",
					"-Wno-unused-parameter",
					"-Werror=uninitialized",
					"-Werror=return-type",
					"-Werror=tautological-compare",
					"-Werror=logical-not-parentheses",
					"-Werror=conversion-null",
					"-Werror=missing-declarations",
					"-Werror=mismatched-new-delete",
					"-Werror=parentheses",
					"-Werror=unused-variable",
					"-Werror=constant-logical-operand",
					"-Werror=unknown-pragmas",
					"-Werror=missing-field-initializers",
					"-Werror=objc-literal-compare",
					"-Werror=shadow",
					"-Werror=unreachable-code",
					"-Werror=enum-compare",
					"-Werror=switch",
				);
			};
			name = Debug;
		};
		F1EA696F0D090C0530B9569D /* Release */ = {
			isa = XCBuildConfiguration;
			baseConfigurationReference = 3CD171680375A65D2E737159 /* version */;
			buildSettings = {
				ALWAYS_SEARCH_USER_PATHS = NO;
				ARCHS = x86_64;
				CLANG_CXX_LANGUAGE_STANDARD = "c++11";
				CLANG_CXX_LIBRARY = "libc++";
				CLANG_LINK_OBJC_RUNTIME = NO;
				CONFIGURATION_BUILD_DIR = "$(SYMROOT)/$(CONFIGURATION)";
				CONFIGURATION_TEMP_DIR = "$(OBJROOT)/$(CONFIGURATION)";
				COPY_PHASE_STRIP = NO;
				GCC_ENABLE_CPP_EXCEPTIONS = NO;
				GCC_ENABLE_CPP_RTTI = NO;
				GCC_ENABLE_FIX_AND_CONTINUE = NO;
				GCC_OPTIMIZATION_LEVEL = 3;
				GCC_SYMBOLS_PRIVATE_EXTERN = YES;
				GCC_THREADSAFE_STATICS = NO;
				GCC_WARN_ABOUT_DEPRECATED_FUNCTIONS = NO;
				INTERMEDIATE_DIR = "$(PROJECT_DERIVED_FILE_DIR)/$(CONFIGURATION)";
				MACOSX_DEPLOYMENT_TARGET = 10.9;
				OBJROOT = "$(SOLUTION_DIR)/_cache/mac";
				SDKROOT = macosx10.9;
				SHARED_INTERMEDIATE_DIR = "$(SYMROOT)/DerivedSources/$(CONFIGURATION)";
				SHARED_PRECOMPS_DIR = "$(OBJROOT)/Precompiled/$(CURRENT_ARCH)";
				SOLUTION_DIR = ..;
				STRIP_INSTALLED_PRODUCT = NO;
				SYMROOT = "$(SOLUTION_DIR)/_build/mac";
			};
			name = Release;
		};
		F5A6EA93F2C78A46F288B9A1 /* Debug */ = {
			isa = XCBuildConfiguration;
			baseConfigurationReference = 3CD171680375A65D2E737159 /* version */;
			buildSettings = {
				ALWAYS_SEARCH_USER_PATHS = NO;
				ARCHS = x86_64;
				CLANG_CXX_LANGUAGE_STANDARD = "c++11";
				CLANG_CXX_LIBRARY = "libc++";
				CLANG_LINK_OBJC_RUNTIME = NO;
				CONFIGURATION_BUILD_DIR = "$(SYMROOT)/$(CONFIGURATION)";
				CONFIGURATION_TEMP_DIR = "$(OBJROOT)/$(CONFIGURATION)";
				COPY_PHASE_STRIP = NO;
				GCC_ENABLE_CPP_EXCEPTIONS = NO;
				GCC_ENABLE_CPP_RTTI = NO;
				GCC_OPTIMIZATION_LEVEL = 0;
				GCC_SYMBOLS_PRIVATE_EXTERN = YES;
				GCC_THREADSAFE_STATICS = NO;
				GCC_WARN_ABOUT_DEPRECATED_FUNCTIONS = NO;
				INTERMEDIATE_DIR = "$(PROJECT_DERIVED_FILE_DIR)/$(CONFIGURATION)";
				MACOSX_DEPLOYMENT_TARGET = 10.9;
				OBJROOT = "$(SOLUTION_DIR)/_cache/mac";
				ONLY_ACTIVE_ARCH = YES;
				SDKROOT = macosx10.9;
				SHARED_INTERMEDIATE_DIR = "$(SYMROOT)/DerivedSources/$(CONFIGURATION)";
				SHARED_PRECOMPS_DIR = "$(OBJROOT)/Precompiled/$(CURRENT_ARCH)";
				SOLUTION_DIR = ..;
				STRIP_INSTALLED_PRODUCT = NO;
				SYMROOT = "$(SOLUTION_DIR)/_build/mac";
			};
			name = Debug;
		};
/* End XCBuildConfiguration section */

/* Begin XCConfigurationList section */
		05F8A7DF155BAFED7D1FA93A /* Build configuration list for PBXAggregateTarget "All" */ = {
			isa = XCConfigurationList;
			buildConfigurations = (
				9CA368A8A2348363B4CC2E6D /* Debug */,
				188BE4910D72B5F7FC5119FC /* Fast */,
				CB812899B5CD1E6832DEBC36 /* Release */,
			);
			defaultConfigurationIsVisible = 1;
			defaultConfigurationName = Debug;
		};
		12FE85DC5CC70AAAD1A69AB5 /* Build configuration list for PBXNativeTarget "libExternal" */ = {
			isa = XCConfigurationList;
			buildConfigurations = (
				0B6E44E3B7A4F89A78F867C9 /* Debug */,
				0C27DDA98F216B00434D46B8 /* Fast */,
				84E8F28D3D5C20CEA8B69BA5 /* Release */,
			);
			defaultConfigurationIsVisible = 1;
			defaultConfigurationName = Debug;
		};
		5961F1FED4858322E1DA687A /* Build configuration list for PBXAggregateTarget "libExternal-symbol-exports" */ = {
			isa = XCConfigurationList;
			buildConfigurations = (
				E7C1339348F0D0A88520698F /* Debug */,
				339205B62B3A5EA6C25C0B4C /* Fast */,
				7319DCB161B60745200D11D7 /* Release */,
			);
			defaultConfigurationIsVisible = 1;
			defaultConfigurationName = Debug;
		};
		8166A35F322E541F4173DD18 /* Build configuration list for PBXProject "libexternal" */ = {
			isa = XCConfigurationList;
			buildConfigurations = (
				F5A6EA93F2C78A46F288B9A1 /* Debug */,
				D1AD963AE7CE2750D857102C /* Fast */,
				F1EA696F0D090C0530B9569D /* Release */,
			);
			defaultConfigurationIsVisible = 1;
			defaultConfigurationName = Debug;
		};
		D2ACA70F5E9838B2890D4D3E /* Build configuration list for PBXNativeTarget "libExternal (host)" */ = {
			isa = XCConfigurationList;
			buildConfigurations = (
				8317D2881219DBCAE0ED4F5C /* Debug */,
				6C4F831994D7E9B72AD38170 /* Fast */,
				5C7A82FC75FC3838FEDA7E41 /* Release */,
			);
			defaultConfigurationIsVisible = 1;
			defaultConfigurationName = Debug;
		};
/* End XCConfigurationList section */
	};
	rootObject = F18064333234211260852A77 /* Project object */;
}
