// !$*UTF8*$!
{
	archiveVersion = 1;
	classes = {
	};
	objectVersion = 46;
	objects = {

/* Begin PBXAggregateTarget section */
		307FC6765B95F07047C62AE6 /* All */ = {
			isa = PBXAggregateTarget;
			buildConfigurationList = 2790842A2186E68DC2089CFB /* Build configuration list for PBXAggregateTarget "All" */;
			buildPhases = (
			);
			dependencies = (
				0E2B0089CEA17529D026517B /* PBXTargetDependency */,
				FDF690B7339A0581528E5E07 /* PBXTargetDependency */,
			);
			name = All;
			productName = All;
		};
/* End PBXAggregateTarget section */

/* Begin PBXBuildFile section */
		48193DDEAC43D8A6399370E4 /* reflex.c in Sources */ = {isa = PBXBuildFile; fileRef = 6D815D1165CE0ADC6C879F74 /* reflex.c */; };
		8852873E0B13F2131FF42F55 /* reflex.c in Sources */ = {isa = PBXBuildFile; fileRef = 6D815D1165CE0ADC6C879F74 /* reflex.c */; };
/* End PBXBuildFile section */

/* Begin PBXContainerItemProxy section */
		D4FEC94D7890C8C5FCB58EC7 /* PBXContainerItemProxy */ = {
			isa = PBXContainerItemProxy;
			containerPortal = 825A9F3D4D78ADE406606DA7 /* Project object */;
			proxyType = 1;
			remoteGlobalIDString = EF0FF93858790EA592401942;
			remoteInfo = "reflex (host)";
		};
		FC01762C81D0BD940AFC5652 /* PBXContainerItemProxy */ = {
			isa = PBXContainerItemProxy;
			containerPortal = 825A9F3D4D78ADE406606DA7 /* Project object */;
			proxyType = 1;
			remoteGlobalIDString = 160DEEDE35A1CCFC8FDF8D21;
			remoteInfo = reflex;
		};
/* End PBXContainerItemProxy section */

/* Begin PBXFileReference section */
		0092423D51CD3D7C53E0C4F9 /* configurations.gypi */ = {isa = PBXFileReference; explicitFileType = sourcecode; name = configurations.gypi; path = ../../../config/configurations.gypi; sourceTree = "<group>"; };
		19729D436F28B221BCEFEA51 /* exclusions.gypi */ = {isa = PBXFileReference; explicitFileType = sourcecode; name = exclusions.gypi; path = ../../../config/exclusions.gypi; sourceTree = "<group>"; };
		3AC702BDB073D0C92FEAB652 /* arch.gypi */ = {isa = PBXFileReference; explicitFileType = sourcecode; name = arch.gypi; path = ../../../config/arch.gypi; sourceTree = "<group>"; };
		4022CA1A3376AF7914004C62 /* common.gypi */ = {isa = PBXFileReference; explicitFileType = sourcecode; name = common.gypi; path = ../../../common.gypi; sourceTree = "<group>"; };
		6C4C5E58ED9A995D1AC28D38 /* reflex.gyp */ = {isa = PBXFileReference; explicitFileType = sourcecode; path = reflex.gyp; sourceTree = "<group>"; };
		6CD6E777DA6EDF8287EC1F69 /* reflex-host */ = {isa = PBXFileReference; explicitFileType = "compiled.mach-o.executable"; includeInIndex = 0; path = "reflex-host"; sourceTree = BUILT_PRODUCTS_DIR; };
		6D815D1165CE0ADC6C879F74 /* reflex.c */ = {isa = PBXFileReference; lastKnownFileType = sourcecode.c.c; path = reflex.c; sourceTree = "<group>"; };
		7E7930BA17C3C0327CE48A47 /* emscripten.gypi */ = {isa = PBXFileReference; explicitFileType = sourcecode; name = emscripten.gypi; path = ../../../config/emscripten.gypi; sourceTree = "<group>"; };
		8097C4E88154D7FCB8136B9B /* ios.gypi */ = {isa = PBXFileReference; explicitFileType = sourcecode; name = ios.gypi; path = ../../../config/ios.gypi; sourceTree = "<group>"; };
		8AC3C87E48549164CC3C6C2E /* target_os.gypi */ = {isa = PBXFileReference; explicitFileType = sourcecode; name = target_os.gypi; path = ../../../config/target_os.gypi; sourceTree = "<group>"; };
		8F002344673ED2F13984F2DF /* yacc.gypi */ = {isa = PBXFileReference; explicitFileType = sourcecode; name = yacc.gypi; path = ../../../config/yacc.gypi; sourceTree = "<group>"; };
		C19BBEC65436127C2BB3E3DF /* version */ = {isa = PBXFileReference; lastKnownFileType = text; path = version; sourceTree = "<group>"; };
		C2A2C987D0BEAC3468AD80C8 /* perl.gypi */ = {isa = PBXFileReference; explicitFileType = sourcecode; name = perl.gypi; path = ../../../config/perl.gypi; sourceTree = "<group>"; };
		D208009F01C40F88FBEA8A7C /* android-settings.gypi */ = {isa = PBXFileReference; explicitFileType = sourcecode; name = "android-settings.gypi"; path = "../../../config/android-settings.gypi"; sourceTree = "<group>"; };
		D2246660E1FA6832D96CC4E7 /* linux.gypi */ = {isa = PBXFileReference; explicitFileType = sourcecode; name = linux.gypi; path = ../../../config/linux.gypi; sourceTree = "<group>"; };
		D4B578EC1246C23A45A86D12 /* mac.gypi */ = {isa = PBXFileReference; explicitFileType = sourcecode; name = mac.gypi; path = ../../../config/mac.gypi; sourceTree = "<group>"; };
		D6C55A4CA4E86693838FFC73 /* linux-settings.gypi */ = {isa = PBXFileReference; explicitFileType = sourcecode; name = "linux-settings.gypi"; path = "../../../config/linux-settings.gypi"; sourceTree = "<group>"; };
		DAB530E0C7043CC7FB76842E /* thirdparty.gypi */ = {isa = PBXFileReference; explicitFileType = sourcecode; name = thirdparty.gypi; path = ../../../config/thirdparty.gypi; sourceTree = "<group>"; };
		E783AA6135D5E693427FC463 /* win32.gypi */ = {isa = PBXFileReference; explicitFileType = sourcecode; name = win32.gypi; path = ../../../config/win32.gypi; sourceTree = "<group>"; };
		EA6A9AA73689DA968F1C3639 /* reflex-target */ = {isa = PBXFileReference; explicitFileType = "compiled.mach-o.executable"; includeInIndex = 0; path = "reflex-target"; sourceTree = BUILT_PRODUCTS_DIR; };
		F096EBE6A277A048BFA82F17 /* crosscompile.gypi */ = {isa = PBXFileReference; explicitFileType = sourcecode; name = crosscompile.gypi; path = ../../../config/crosscompile.gypi; sourceTree = "<group>"; };
		F2D3D573D9C65783EF69A2C5 /* emscripten-settings.gypi */ = {isa = PBXFileReference; explicitFileType = sourcecode; name = "emscripten-settings.gypi"; path = "../../../config/emscripten-settings.gypi"; sourceTree = "<group>"; };
		F3FAF9095D9907F79B82AC45 /* android.gypi */ = {isa = PBXFileReference; explicitFileType = sourcecode; name = android.gypi; path = ../../../config/android.gypi; sourceTree = "<group>"; };
		F67F2C15CD0ABEEBE08D1744 /* version.gypi */ = {isa = PBXFileReference; explicitFileType = sourcecode; name = version.gypi; path = ../../../config/version.gypi; sourceTree = "<group>"; };
/* End PBXFileReference section */

/* Begin PBXFrameworksBuildPhase section */
		5C0E7779966411175DDC3A0C /* Frameworks */ = {
			isa = PBXFrameworksBuildPhase;
			buildActionMask = 2147483647;
			files = (
			);
			runOnlyForDeploymentPostprocessing = 0;
		};
		A5E76C1BE9AA93CD7E3477B6 /* Frameworks */ = {
			isa = PBXFrameworksBuildPhase;
			buildActionMask = 2147483647;
			files = (
			);
			runOnlyForDeploymentPostprocessing = 0;
		};
/* End PBXFrameworksBuildPhase section */

/* Begin PBXGroup section */
		22CE8B18FF8C1B739DC3DEE7 /* Source */ = {
			isa = PBXGroup;
			children = (
				C2D99342E91AB7283375EFBB /* ../../.. */,
				6D815D1165CE0ADC6C879F74 /* reflex.c */,
			);
			name = Source;
			sourceTree = "<group>";
		};
		7CF8DAA012CB4ABDA0398C7A /* Products */ = {
			isa = PBXGroup;
			children = (
				EA6A9AA73689DA968F1C3639 /* reflex-target */,
				6CD6E777DA6EDF8287EC1F69 /* reflex-host */,
			);
			name = Products;
			sourceTree = "<group>";
		};
		B65EEFFD6ED33DAAA6E479AA /* Build */ = {
			isa = PBXGroup;
			children = (
				D208009F01C40F88FBEA8A7C /* android-settings.gypi */,
				F3FAF9095D9907F79B82AC45 /* android.gypi */,
				3AC702BDB073D0C92FEAB652 /* arch.gypi */,
				4022CA1A3376AF7914004C62 /* common.gypi */,
				0092423D51CD3D7C53E0C4F9 /* configurations.gypi */,
				F096EBE6A277A048BFA82F17 /* crosscompile.gypi */,
				F2D3D573D9C65783EF69A2C5 /* emscripten-settings.gypi */,
				7E7930BA17C3C0327CE48A47 /* emscripten.gypi */,
				19729D436F28B221BCEFEA51 /* exclusions.gypi */,
				8097C4E88154D7FCB8136B9B /* ios.gypi */,
				D6C55A4CA4E86693838FFC73 /* linux-settings.gypi */,
				D2246660E1FA6832D96CC4E7 /* linux.gypi */,
				D4B578EC1246C23A45A86D12 /* mac.gypi */,
				C2A2C987D0BEAC3468AD80C8 /* perl.gypi */,
				6C4C5E58ED9A995D1AC28D38 /* reflex.gyp */,
				8AC3C87E48549164CC3C6C2E /* target_os.gypi */,
				DAB530E0C7043CC7FB76842E /* thirdparty.gypi */,
				F67F2C15CD0ABEEBE08D1744 /* version.gypi */,
				E783AA6135D5E693427FC463 /* win32.gypi */,
				8F002344673ED2F13984F2DF /* yacc.gypi */,
			);
			name = Build;
			sourceTree = "<group>";
		};
		C2D99342E91AB7283375EFBB /* ../../.. */ = {
			isa = PBXGroup;
			children = (
				C19BBEC65436127C2BB3E3DF /* version */,
			);
			path = ../../..;
			sourceTree = "<group>";
		};
		EE33464979684D5D9C9FEDD6 = {
			isa = PBXGroup;
			children = (
				22CE8B18FF8C1B739DC3DEE7 /* Source */,
				7CF8DAA012CB4ABDA0398C7A /* Products */,
				B65EEFFD6ED33DAAA6E479AA /* Build */,
			);
			sourceTree = "<group>";
		};
/* End PBXGroup section */

/* Begin PBXNativeTarget section */
		160DEEDE35A1CCFC8FDF8D21 /* reflex */ = {
			isa = PBXNativeTarget;
			buildConfigurationList = DB6D9324171747687104BCD7 /* Build configuration list for PBXNativeTarget "reflex" */;
			buildPhases = (
				FA4E70902B5363069A1A4375 /* Sources */,
				5C0E7779966411175DDC3A0C /* Frameworks */,
			);
			buildRules = (
			);
			dependencies = (
			);
			name = reflex;
			productName = "reflex-target";
			productReference = EA6A9AA73689DA968F1C3639 /* reflex-target */;
			productType = "com.apple.product-type.tool";
		};
		EF0FF93858790EA592401942 /* reflex (host) */ = {
			isa = PBXNativeTarget;
			buildConfigurationList = 4C2DD42DF0EBD18458BEC6C4 /* Build configuration list for PBXNativeTarget "reflex (host)" */;
			buildPhases = (
				1AB726AC978AE80F7D7598F7 /* Sources */,
				A5E76C1BE9AA93CD7E3477B6 /* Frameworks */,
			);
			buildRules = (
			);
			dependencies = (
			);
			name = "reflex (host)";
			productName = "reflex-host";
			productReference = 6CD6E777DA6EDF8287EC1F69 /* reflex-host */;
			productType = "com.apple.product-type.tool";
		};
/* End PBXNativeTarget section */

/* Begin PBXProject section */
		825A9F3D4D78ADE406606DA7 /* Project object */ = {
			isa = PBXProject;
			attributes = {
				BuildIndependentTargetsInParallel = YES;
				LastUpgradeCheck = 100000;
			};
			buildConfigurationList = 4ED333F8C4A82FB731F3E960 /* Build configuration list for PBXProject "reflex" */;
			compatibilityVersion = "Xcode 3.2";
			hasScannedForEncodings = 1;
			mainGroup = EE33464979684D5D9C9FEDD6;
			projectDirPath = ../../../../../toolchain/gentle/reflex;
			projectRoot = "";
			targets = (
				307FC6765B95F07047C62AE6 /* All */,
				160DEEDE35A1CCFC8FDF8D21 /* reflex */,
				EF0FF93858790EA592401942 /* reflex (host) */,
			);
		};
/* End PBXProject section */

/* Begin PBXSourcesBuildPhase section */
		1AB726AC978AE80F7D7598F7 /* Sources */ = {
			isa = PBXSourcesBuildPhase;
			buildActionMask = 2147483647;
			files = (
				48193DDEAC43D8A6399370E4 /* reflex.c in Sources */,
			);
			runOnlyForDeploymentPostprocessing = 0;
		};
		FA4E70902B5363069A1A4375 /* Sources */ = {
			isa = PBXSourcesBuildPhase;
			buildActionMask = 2147483647;
			files = (
				8852873E0B13F2131FF42F55 /* reflex.c in Sources */,
			);
			runOnlyForDeploymentPostprocessing = 0;
		};
/* End PBXSourcesBuildPhase section */

/* Begin PBXTargetDependency section */
		0E2B0089CEA17529D026517B /* PBXTargetDependency */ = {
			isa = PBXTargetDependency;
			target = 160DEEDE35A1CCFC8FDF8D21 /* reflex */;
			targetProxy = FC01762C81D0BD940AFC5652 /* PBXContainerItemProxy */;
		};
		FDF690B7339A0581528E5E07 /* PBXTargetDependency */ = {
			isa = PBXTargetDependency;
			target = EF0FF93858790EA592401942 /* reflex (host) */;
			targetProxy = D4FEC94D7890C8C5FCB58EC7 /* PBXContainerItemProxy */;
		};
/* End PBXTargetDependency section */

/* Begin XCBuildConfiguration section */
		0648550F9337D2F5F436CB78 /* Fast */ = {
			isa = XCBuildConfiguration;
			buildSettings = {
				PRODUCT_NAME = All;
			};
			name = Fast;
		};
		3996D29BC1DE5B865BA17617 /* Fast */ = {
			isa = XCBuildConfiguration;
			buildSettings = {
				EXECUTABLE_PREFIX = "";
				GCC_INHIBIT_ALL_WARNINGS = YES;
				GCC_PREPROCESSOR_DEFINITIONS = (
					CROSS_COMPILE_HOST,
					TARGET_PLATFORM_MACOS_X,
					_MACOSX,
					_RELEASE,
					NDEBUG,
				);
				OTHER_LDFLAGS = (
					"-Wl,-platform_version",
					"-Wl,macos",
					"-Wl,10.9",
					"-Wl,10.9",
				);
				PRODUCT_NAME = "reflex-host";
				WARNING_CFLAGS = "-w";
			};
			name = Fast;
		};
		3AFCB8AD1515C4722530592C /* Fast */ = {
			isa = XCBuildConfiguration;
			baseConfigurationReference = C19BBEC65436127C2BB3E3DF /* version */;
			buildSettings = {
				ALWAYS_SEARCH_USER_PATHS = NO;
				ARCHS = x86_64;
				CLANG_CXX_LANGUAGE_STANDARD = "c++11";
				CLANG_CXX_LIBRARY = "libc++";
				CLANG_LINK_OBJC_RUNTIME = NO;
				CONFIGURATION_BUILD_DIR = "$(SYMROOT)/$(CONFIGURATION)";
				CONFIGURATION_TEMP_DIR = "$(OBJROOT)/$(CONFIGURATION)";
				COPY_PHASE_STRIP = NO;
				GCC_ENABLE_CPP_EXCEPTIONS = NO;
				GCC_ENABLE_CPP_RTTI = NO;
				GCC_ENABLE_FIX_AND_CONTINUE = NO;
				GCC_OPTIMIZATION_LEVEL = 0;
				GCC_SYMBOLS_PRIVATE_EXTERN = YES;
				GCC_THREADSAFE_STATICS = NO;
				GCC_WARN_ABOUT_DEPRECATED_FUNCTIONS = NO;
				INTERMEDIATE_DIR = "$(PROJECT_DERIVED_FILE_DIR)/$(CONFIGURATION)";
				MACOSX_DEPLOYMENT_TARGET = 10.9;
				OBJROOT = "$(SOLUTION_DIR)/_cache/mac";
				SDKROOT = macosx10.9;
				SHARED_INTERMEDIATE_DIR = "$(SYMROOT)/DerivedSources/$(CONFIGURATION)";
				SHARED_PRECOMPS_DIR = "$(OBJROOT)/Precompiled/$(CURRENT_ARCH)";
				SOLUTION_DIR = ../../..;
				STRIP_INSTALLED_PRODUCT = NO;
				SYMROOT = "$(SOLUTION_DIR)/_build/mac";
			};
			name = Fast;
		};
		8220546FEAF00097293BF037 /* Release */ = {
			isa = XCBuildConfiguration;
			buildSettings = {
				EXECUTABLE_PREFIX = "";
				GCC_INHIBIT_ALL_WARNINGS = YES;
				GCC_PREPROCESSOR_DEFINITIONS = (
					CROSS_COMPILE_TARGET,
					TARGET_PLATFORM_MACOS_X,
					_MACOSX,
					_RELEASE,
					NDEBUG,
				);
				OTHER_LDFLAGS = (
					"-Wl,-platform_version",
					"-Wl,macos",
					"-Wl,10.9",
					"-Wl,10.9",
				);
				PRODUCT_NAME = "reflex-target";
				WARNING_CFLAGS = "-w";
			};
			name = Release;
		};
		887E4E42323AC76EE4C39E43 /* Debug */ = {
			isa = XCBuildConfiguration;
			baseConfigurationReference = C19BBEC65436127C2BB3E3DF /* version */;
			buildSettings = {
				ALWAYS_SEARCH_USER_PATHS = NO;
				ARCHS = x86_64;
				CLANG_CXX_LANGUAGE_STANDARD = "c++11";
				CLANG_CXX_LIBRARY = "libc++";
				CLANG_LINK_OBJC_RUNTIME = NO;
				CONFIGURATION_BUILD_DIR = "$(SYMROOT)/$(CONFIGURATION)";
				CONFIGURATION_TEMP_DIR = "$(OBJROOT)/$(CONFIGURATION)";
				COPY_PHASE_STRIP = NO;
				GCC_ENABLE_CPP_EXCEPTIONS = NO;
				GCC_ENABLE_CPP_RTTI = NO;
				GCC_OPTIMIZATION_LEVEL = 0;
				GCC_SYMBOLS_PRIVATE_EXTERN = YES;
				GCC_THREADSAFE_STATICS = NO;
				GCC_WARN_ABOUT_DEPRECATED_FUNCTIONS = NO;
				INTERMEDIATE_DIR = "$(PROJECT_DERIVED_FILE_DIR)/$(CONFIGURATION)";
				MACOSX_DEPLOYMENT_TARGET = 10.9;
				OBJROOT = "$(SOLUTION_DIR)/_cache/mac";
				ONLY_ACTIVE_ARCH = YES;
				SDKROOT = macosx10.9;
				SHARED_INTERMEDIATE_DIR = "$(SYMROOT)/DerivedSources/$(CONFIGURATION)";
				SHARED_PRECOMPS_DIR = "$(OBJROOT)/Precompiled/$(CURRENT_ARCH)";
				SOLUTION_DIR = ../../..;
				STRIP_INSTALLED_PRODUCT = NO;
				SYMROOT = "$(SOLUTION_DIR)/_build/mac";
			};
			name = Debug;
		};
		8D2CEAFBEF7CB7D850D73315 /* Fast */ = {
			isa = XCBuildConfiguration;
			buildSettings = {
				EXECUTABLE_PREFIX = "";
				GCC_INHIBIT_ALL_WARNINGS = YES;
				GCC_PREPROCESSOR_DEFINITIONS = (
					CROSS_COMPILE_TARGET,
					TARGET_PLATFORM_MACOS_X,
					_MACOSX,
					_RELEASE,
					NDEBUG,
				);
				OTHER_LDFLAGS = (
					"-Wl,-platform_version",
					"-Wl,macos",
					"-Wl,10.9",
					"-Wl,10.9",
				);
				PRODUCT_NAME = "reflex-target";
				WARNING_CFLAGS = "-w";
			};
			name = Fast;
		};
		B5A1CC0B3CA6DCF5A427965E /* Release */ = {
			isa = XCBuildConfiguration;
			buildSettings = {
				EXECUTABLE_PREFIX = "";
				GCC_INHIBIT_ALL_WARNINGS = YES;
				GCC_PREPROCESSOR_DEFINITIONS = (
					CROSS_COMPILE_HOST,
					TARGET_PLATFORM_MACOS_X,
					_MACOSX,
					_RELEASE,
					NDEBUG,
				);
				OTHER_LDFLAGS = (
					"-Wl,-platform_version",
					"-Wl,macos",
					"-Wl,10.9",
					"-Wl,10.9",
				);
				PRODUCT_NAME = "reflex-host";
				WARNING_CFLAGS = "-w";
			};
			name = Release;
		};
		C45162ED5CF8049FE4F44F32 /* Release */ = {
			isa = XCBuildConfiguration;
			baseConfigurationReference = C19BBEC65436127C2BB3E3DF /* version */;
			buildSettings = {
				ALWAYS_SEARCH_USER_PATHS = NO;
				ARCHS = x86_64;
				CLANG_CXX_LANGUAGE_STANDARD = "c++11";
				CLANG_CXX_LIBRARY = "libc++";
				CLANG_LINK_OBJC_RUNTIME = NO;
				CONFIGURATION_BUILD_DIR = "$(SYMROOT)/$(CONFIGURATION)";
				CONFIGURATION_TEMP_DIR = "$(OBJROOT)/$(CONFIGURATION)";
				COPY_PHASE_STRIP = NO;
				GCC_ENABLE_CPP_EXCEPTIONS = NO;
				GCC_ENABLE_CPP_RTTI = NO;
				GCC_ENABLE_FIX_AND_CONTINUE = NO;
				GCC_OPTIMIZATION_LEVEL = 3;
				GCC_SYMBOLS_PRIVATE_EXTERN = YES;
				GCC_THREADSAFE_STATICS = NO;
				GCC_WARN_ABOUT_DEPRECATED_FUNCTIONS = NO;
				INTERMEDIATE_DIR = "$(PROJECT_DERIVED_FILE_DIR)/$(CONFIGURATION)";
				MACOSX_DEPLOYMENT_TARGET = 10.9;
				OBJROOT = "$(SOLUTION_DIR)/_cache/mac";
				SDKROOT = macosx10.9;
				SHARED_INTERMEDIATE_DIR = "$(SYMROOT)/DerivedSources/$(CONFIGURATION)";
				SHARED_PRECOMPS_DIR = "$(OBJROOT)/Precompiled/$(CURRENT_ARCH)";
				SOLUTION_DIR = ../../..;
				STRIP_INSTALLED_PRODUCT = NO;
				SYMROOT = "$(SOLUTION_DIR)/_build/mac";
			};
			name = Release;
		};
		C75699C22F34D7382AE22382 /* Debug */ = {
			isa = XCBuildConfiguration;
			buildSettings = {
				EXECUTABLE_PREFIX = "";
				GCC_INHIBIT_ALL_WARNINGS = YES;
				GCC_PREPROCESSOR_DEFINITIONS = (
					CROSS_COMPILE_HOST,
					TARGET_PLATFORM_MACOS_X,
					_MACOSX,
					_DEBUG,
				);
				OTHER_LDFLAGS = (
					"-Wl,-platform_version",
					"-Wl,macos",
					"-Wl,10.9",
					"-Wl,10.9",
				);
				PRODUCT_NAME = "reflex-host";
				WARNING_CFLAGS = "-w";
			};
			name = Debug;
		};
		E74CA9B8191F48F487DFE190 /* Release */ = {
			isa = XCBuildConfiguration;
			buildSettings = {
				PRODUCT_NAME = All;
			};
			name = Release;
		};
		EEE95C14D7CE9E5E28F7D9CE /* Debug */ = {
			isa = XCBuildConfiguration;
			buildSettings = {
				PRODUCT_NAME = All;
			};
			name = Debug;
		};
		F38FBF500B445427819D9E6A /* Debug */ = {
			isa = XCBuildConfiguration;
			buildSettings = {
				EXECUTABLE_PREFIX = "";
				GCC_INHIBIT_ALL_WARNINGS = YES;
				GCC_PREPROCESSOR_DEFINITIONS = (
					CROSS_COMPILE_TARGET,
					TARGET_PLATFORM_MACOS_X,
					_MACOSX,
					_DEBUG,
				);
				OTHER_LDFLAGS = (
					"-Wl,-platform_version",
					"-Wl,macos",
					"-Wl,10.9",
					"-Wl,10.9",
				);
				PRODUCT_NAME = "reflex-target";
				WARNING_CFLAGS = "-w";
			};
			name = Debug;
		};
/* End XCBuildConfiguration section */

/* Begin XCConfigurationList section */
		2790842A2186E68DC2089CFB /* Build configuration list for PBXAggregateTarget "All" */ = {
			isa = XCConfigurationList;
			buildConfigurations = (
				EEE95C14D7CE9E5E28F7D9CE /* Debug */,
				0648550F9337D2F5F436CB78 /* Fast */,
				E74CA9B8191F48F487DFE190 /* Release */,
			);
			defaultConfigurationIsVisible = 1;
			defaultConfigurationName = Debug;
		};
		4C2DD42DF0EBD18458BEC6C4 /* Build configuration list for PBXNativeTarget "reflex (host)" */ = {
			isa = XCConfigurationList;
			buildConfigurations = (
				C75699C22F34D7382AE22382 /* Debug */,
				3996D29BC1DE5B865BA17617 /* Fast */,
				B5A1CC0B3CA6DCF5A427965E /* Release */,
			);
			defaultConfigurationIsVisible = 1;
			defaultConfigurationName = Debug;
		};
		4ED333F8C4A82FB731F3E960 /* Build configuration list for PBXProject "reflex" */ = {
			isa = XCConfigurationList;
			buildConfigurations = (
				887E4E42323AC76EE4C39E43 /* Debug */,
				3AFCB8AD1515C4722530592C /* Fast */,
				C45162ED5CF8049FE4F44F32 /* Release */,
			);
			defaultConfigurationIsVisible = 1;
			defaultConfigurationName = Debug;
		};
		DB6D9324171747687104BCD7 /* Build configuration list for PBXNativeTarget "reflex" */ = {
			isa = XCConfigurationList;
			buildConfigurations = (
				F38FBF500B445427819D9E6A /* Debug */,
				8D2CEAFBEF7CB7D850D73315 /* Fast */,
				8220546FEAF00097293BF037 /* Release */,
			);
			defaultConfigurationIsVisible = 1;
			defaultConfigurationName = Debug;
		};
/* End XCConfigurationList section */
	};
	rootObject = 825A9F3D4D78ADE406606DA7 /* Project object */;
}
